
Microsoft Visual Studio Solution File, Format Version 12.00
# Visual Studio 15
VisualStudioVersion = 15.0.28010.2046
MinimumVisualStudioVersion = 10.0.40219.1
Project("{FAE04EC0-301F-11D3-BF4B-00C04F79EFBC}") = "TUTORIALES", "TUTORIALES\TUTORIALES.csproj", "{AF6E7B91-5DAD-40F7-AB67-432DD20D2A77}"
EndProject
Project("{FAE04EC0-301F-11D3-BF4B-00C04F79EFBC}") = "Tutorial 6", "Tutorial 6\Tutorial 6.csproj", "{0341FAA7-9A98-4048-B13E-4716B08C6495}"
EndProject
Project("{FAE04EC0-301F-11D3-BF4B-00C04F79EFBC}") = "Tutorial7", "Tutorial7\Tutorial7.csproj", "{634EA1DD-9502-4E54-8460-5F31BA96E8AA}"
EndProject
Project("{FAE04EC0-301F-11D3-BF4B-00C04F79EFBC}") = "Tutorial 8", "Tutorial 8\Tutorial 8.csproj", "{40E97824-16D9-4834-8A1E-627470AE0D1D}"
EndProject
Project("{FAE04EC0-301F-11D3-BF4B-00C04F79EFBC}") = "Tutorial 9", "Tutorial 9\Tutorial 9.csproj", "{A3156769-04AA-467E-A2F6-CBAC6BBB8783}"
EndProject
Global
	GlobalSection(SolutionConfigurationPlatforms) = preSolution
		Debug|Any CPU = Debug|Any CPU
		Release|Any CPU = Release|Any CPU
	EndGlobalSection
	GlobalSection(ProjectConfigurationPlatforms) = postSolution
		{AF6E7B91-5DAD-40F7-AB67-432DD20D2A77}.Debug|Any CPU.ActiveCfg = Debug|Any CPU
		{AF6E7B91-5DAD-40F7-AB67-432DD20D2A77}.Debug|Any CPU.Build.0 = Debug|Any CPU
		{AF6E7B91-5DAD-40F7-AB67-432DD20D2A77}.Release|Any CPU.ActiveCfg = Release|Any CPU
		{AF6E7B91-5DAD-40F7-AB67-432DD20D2A77}.Release|Any CPU.Build.0 = Release|Any CPU
		{0341FAA7-9A98-4048-B13E-4716B08C6495}.Debug|Any CPU.ActiveCfg = Debug|Any CPU
		{0341FAA7-9A98-4048-B13E-4716B08C6495}.Debug|Any CPU.Build.0 = Debug|Any CPU
		{0341FAA7-9A98-4048-B13E-4716B08C6495}.Release|Any CPU.ActiveCfg = Release|Any CPU
		{0341FAA7-9A98-4048-B13E-4716B08C6495}.Release|Any CPU.Build.0 = Release|Any CPU
		{634EA1DD-9502-4E54-8460-5F31BA96E8AA}.Debug|Any CPU.ActiveCfg = Debug|Any CPU
		{634EA1DD-9502-4E54-8460-5F31BA96E8AA}.Debug|Any CPU.Build.0 = Debug|Any CPU
		{634EA1DD-9502-4E54-8460-5F31BA96E8AA}.Release|Any CPU.ActiveCfg = Release|Any CPU
		{634EA1DD-9502-4E54-8460-5F31BA96E8AA}.Release|Any CPU.Build.0 = Release|Any CPU
		{40E97824-16D9-4834-8A1E-627470AE0D1D}.Debug|Any CPU.ActiveCfg = Debug|Any CPU
		{40E97824-16D9-4834-8A1E-627470AE0D1D}.Debug|Any CPU.Build.0 = Debug|Any CPU
		{40E97824-16D9-4834-8A1E-627470AE0D1D}.Release|Any CPU.ActiveCfg = Release|Any CPU
		{40E97824-16D9-4834-8A1E-627470AE0D1D}.Release|Any CPU.Build.0 = Release|Any CPU
		{A3156769-04AA-467E-A2F6-CBAC6BBB8783}.Debug|Any CPU.ActiveCfg = Debug|Any CPU
		{A3156769-04AA-467E-A2F6-CBAC6BBB8783}.Debug|Any CPU.Build.0 = Debug|Any CPU
		{A3156769-04AA-467E-A2F6-CBAC6BBB8783}.Release|Any CPU.ActiveCfg = Release|Any CPU
		{A3156769-04AA-467E-A2F6-CBAC6BBB8783}.Release|Any CPU.Build.0 = Release|Any CPU
	EndGlobalSection
	GlobalSection(SolutionProperties) = preSolution
		HideSolutionNode = FALSE
	EndGlobalSection
	GlobalSection(ExtensibilityGlobals) = postSolution
		SolutionGuid = {E2B2456A-D5F6-4A5C-9AAB-47B2E552ED81}
	EndGlobalSection
EndGlobal
